// !$*UTF8*$!
{
	archiveVersion = 1;
	classes = {
	};
	objectVersion = 46;
	objects = {

/* Begin PBXBuildFile section */
		ACAE718C1A32E64C004F7463 /* main.m in Sources */ = {isa = PBXBuildFile; fileRef = ACAE718B1A32E64C004F7463 /* main.m */; };
		ACAE718F1A32E64C004F7463 /* AppDelegate.m in Sources */ = {isa = PBXBuildFile; fileRef = ACAE718E1A32E64C004F7463 /* AppDelegate.m */; };
		ACAE71921A32E64C004F7463 /* ViewController.m in Sources */ = {isa = PBXBuildFile; fileRef = ACAE71911A32E64C004F7463 /* ViewController.m */; };
		ACAE71951A32E64C004F7463 /* Main.storyboard in Resources */ = {isa = PBXBuildFile; fileRef = ACAE71931A32E64C004F7463 /* Main.storyboard */; };
		ACAE71971A32E64C004F7463 /* Images.xcassets in Resources */ = {isa = PBXBuildFile; fileRef = ACAE71961A32E64C004F7463 /* Images.xcassets */; };
		ACAE719A1A32E64C004F7463 /* LaunchScreen.xib in Resources */ = {isa = PBXBuildFile; fileRef = ACAE71981A32E64C004F7463 /* LaunchScreen.xib */; };
		ACAE71A61A32E64D004F7463 /* Multiply2Tests.m in Sources */ = {isa = PBXBuildFile; fileRef = ACAE71A51A32E64D004F7463 /* Multiply2Tests.m */; };
/* End PBXBuildFile section */

/* Begin PBXContainerItemProxy section */
		ACAE71A01A32E64D004F7463 /* PBXContainerItemProxy */ = {
			isa = PBXContainerItemProxy;
			containerPortal = ACAE717E1A32E64C004F7463 /* Project object */;
			proxyType = 1;
			remoteGlobalIDString = ACAE71851A32E64C004F7463;
			remoteInfo = Multiply2;
		};
/* End PBXContainerItemProxy section */

/* Begin PBXFileReference section */
		ACAE71861A32E64C004F7463 /* Multiply2.app */ = {isa = PBXFileReference; explicitFileType = wrapper.application; includeInIndex = 0; path = Multiply2.app; sourceTree = BUILT_PRODUCTS_DIR; };
		ACAE718A1A32E64C004F7463 /* Info.plist */ = {isa = PBXFileReference; lastKnownFileType = text.plist.xml; path = Info.plist; sourceTree = "<group>"; };
		ACAE718B1A32E64C004F7463 /* main.m */ = {isa = PBXFileReference; lastKnownFileType = sourcecode.c.objc; path = main.m; sourceTree = "<group>"; };
		ACAE718D1A32E64C004F7463 /* AppDelegate.h */ = {isa = PBXFileReference; lastKnownFileType = sourcecode.c.h; path = AppDelegate.h; sourceTree = "<group>"; };
		ACAE718E1A32E64C004F7463 /* AppDelegate.m */ = {isa = PBXFileReference; lastKnownFileType = sourcecode.c.objc; path = AppDelegate.m; sourceTree = "<group>"; };
		ACAE71901A32E64C004F7463 /* ViewController.h */ = {isa = PBXFileReference; lastKnownFileType = sourcecode.c.h; path = ViewController.h; sourceTree = "<group>"; };
		ACAE71911A32E64C004F7463 /* ViewController.m */ = {isa = PBXFileReference; lastKnownFileType = sourcecode.c.objc; path = ViewController.m; sourceTree = "<group>"; };
		ACAE71941A32E64C004F7463 /* Base */ = {isa = PBXFileReference; lastKnownFileType = file.storyboard; name = Base; path = Base.lproj/Main.storyboard; sourceTree = "<group>"; };
		ACAE71961A32E64C004F7463 /* Images.xcassets */ = {isa = PBXFileReference; lastKnownFileType = folder.assetcatalog; path = Images.xcassets; sourceTree = "<group>"; };
		ACAE71991A32E64C004F7463 /* Base */ = {isa = PBXFileReference; lastKnownFileType = file.xib; name = Base; path = Base.lproj/LaunchScreen.xib; sourceTree = "<group>"; };
		ACAE719F1A32E64D004F7463 /* Multiply2Tests.xctest */ = {isa = PBXFileReference; explicitFileType = wrapper.cfbundle; includeInIndex = 0; path = Multiply2Tests.xctest; sourceTree = BUILT_PRODUCTS_DIR; };
		ACAE71A41A32E64D004F7463 /* Info.plist */ = {isa = PBXFileReference; lastKnownFileType = text.plist.xml; path = Info.plist; sourceTree = "<group>"; };
		ACAE71A51A32E64D004F7463 /* Multiply2Tests.m */ = {isa = PBXFileReference; lastKnownFileType = sourcecode.c.objc; path = Multiply2Tests.m; sourceTree = "<group>"; };
/* End PBXFileReference section */

/* Begin PBXFrameworksBuildPhase section */
		ACAE71831A32E64C004F7463 /* Frameworks */ = {
			isa = PBXFrameworksBuildPhase;
			buildActionMask = 2147483647;
			files = (
			);
			runOnlyForDeploymentPostprocessing = 0;
		};
		ACAE719C1A32E64D004F7463 /* Frameworks */ = {
			isa = PBXFrameworksBuildPhase;
			buildActionMask = 2147483647;
			files = (
			);
			runOnlyForDeploymentPostprocessing = 0;
		};
/* End PBXFrameworksBuildPhase section */

/* Begin PBXGroup section */
		ACAE717D1A32E64C004F7463 = {
			isa = PBXGroup;
			children = (
				ACAE71881A32E64C004F7463 /* Multiply2 */,
				ACAE71A21A32E64D004F7463 /* Multiply2Tests */,
				ACAE71871A32E64C004F7463 /* Products */,
			);
			sourceTree = "<group>";
		};
		ACAE71871A32E64C004F7463 /* Products */ = {
			isa = PBXGroup;
			children = (
				ACAE71861A32E64C004F7463 /* Multiply2.app */,
				ACAE719F1A32E64D004F7463 /* Multiply2Tests.xctest */,
			);
			name = Products;
			sourceTree = "<group>";
		};
		ACAE71881A32E64C004F7463 /* Multiply2 */ = {
			isa = PBXGroup;
			children = (
				ACAE718D1A32E64C004F7463 /* AppDelegate.h */,
				ACAE718E1A32E64C004F7463 /* AppDelegate.m */,
				ACAE71901A32E64C004F7463 /* ViewController.h */,
				ACAE71911A32E64C004F7463 /* ViewController.m */,
				ACAE71931A32E64C004F7463 /* Main.storyboard */,
				ACAE71961A32E64C004F7463 /* Images.xcassets */,
				ACAE71981A32E64C004F7463 /* LaunchScreen.xib */,
				ACAE71891A32E64C004F7463 /* Supporting Files */,
			);
			path = Multiply2;
			sourceTree = "<group>";
		};
		ACAE71891A32E64C004F7463 /* Supporting Files */ = {
			isa = PBXGroup;
			children = (
				ACAE718A1A32E64C004F7463 /* Info.plist */,
				ACAE718B1A32E64C004F7463 /* main.m */,
			);
			name = "Supporting Files";
			sourceTree = "<group>";
		};
		ACAE71A21A32E64D004F7463 /* Multiply2Tests */ = {
			isa = PBXGroup;
			children = (
				ACAE71A51A32E64D004F7463 /* Multiply2Tests.m */,
				ACAE71A31A32E64D004F7463 /* Supporting Files */,
			);
			path = Multiply2Tests;
			sourceTree = "<group>";
		};
		ACAE71A31A32E64D004F7463 /* Supporting Files */ = {
			isa = PBXGroup;
			children = (
				ACAE71A41A32E64D004F7463 /* Info.plist */,
			);
			name = "Supporting Files";
			sourceTree = "<group>";
		};
/* End PBXGroup section */

/* Begin PBXNativeTarget section */
		ACAE71851A32E64C004F7463 /* Multiply2 */ = {
			isa = PBXNativeTarget;
			buildConfigurationList = ACAE71A91A32E64D004F7463 /* Build configuration list for PBXNativeTarget "Multiply2" */;
			buildPhases = (
				ACAE71821A32E64C004F7463 /* Sources */,
				ACAE71831A32E64C004F7463 /* Frameworks */,
				ACAE71841A32E64C004F7463 /* Resources */,
			);
			buildRules = (
			);
			dependencies = (
			);
			name = Multiply2;
			productName = Multiply2;
			productReference = ACAE71861A32E64C004F7463 /* Multiply2.app */;
			productType = "com.apple.product-type.application";
		};
		ACAE719E1A32E64D004F7463 /* Multiply2Tests */ = {
			isa = PBXNativeTarget;
			buildConfigurationList = ACAE71AC1A32E64D004F7463 /* Build configuration list for PBXNativeTarget "Multiply2Tests" */;
			buildPhases = (
				ACAE719B1A32E64D004F7463 /* Sources */,
				ACAE719C1A32E64D004F7463 /* Frameworks */,
				ACAE719D1A32E64D004F7463 /* Resources */,
			);
			buildRules = (
			);
			dependencies = (
				ACAE71A11A32E64D004F7463 /* PBXTargetDependency */,
			);
			name = Multiply2Tests;
			productName = Multiply2Tests;
			productReference = ACAE719F1A32E64D004F7463 /* Multiply2Tests.xctest */;
			productType = "com.apple.product-type.bundle.unit-test";
		};
/* End PBXNativeTarget section */

/* Begin PBXProject section */
		ACAE717E1A32E64C004F7463 /* Project object */ = {
			isa = PBXProject;
			attributes = {
				LastUpgradeCheck = 0610;
				ORGANIZATIONNAME = MyCompany;
				TargetAttributes = {
					ACAE71851A32E64C004F7463 = {
						CreatedOnToolsVersion = 6.1;
					};
					ACAE719E1A32E64D004F7463 = {
						CreatedOnToolsVersion = 6.1;
						TestTargetID = ACAE71851A32E64C004F7463;
					};
				};
			};
			buildConfigurationList = ACAE71811A32E64C004F7463 /* Build configuration list for PBXProject "Multiply2" */;
			compatibilityVersion = "Xcode 3.2";
			developmentRegion = English;
			hasScannedForEncodings = 0;
			knownRegions = (
				en,
				Base,
			);
			mainGroup = ACAE717D1A32E64C004F7463;
			productRefGroup = ACAE71871A32E64C004F7463 /* Products */;
			projectDirPath = "";
			projectRoot = "";
			targets = (
				ACAE71851A32E64C004F7463 /* Multiply2 */,
				ACAE719E1A32E64D004F7463 /* Multiply2Tests */,
			);
		};
/* End PBXProject section */

/* Begin PBXResourcesBuildPhase section */
		ACAE71841A32E64C004F7463 /* Resources */ = {
			isa = PBXResourcesBuildPhase;
			buildActionMask = 2147483647;
			files = (
				ACAE71951A32E64C004F7463 /* Main.storyboard in Resources */,
				ACAE719A1A32E64C004F7463 /* LaunchScreen.xib in Resources */,
				ACAE71971A32E64C004F7463 /* Images.xcassets in Resources */,
			);
			runOnlyForDeploymentPostprocessing = 0;
		};
		ACAE719D1A32E64D004F7463 /* Resources */ = {
			isa = PBXResourcesBuildPhase;
			buildActionMask = 2147483647;
			files = (
			);
			runOnlyForDeploymentPostprocessing = 0;
		};
/* End PBXResourcesBuildPhase section */

/* Begin PBXSourcesBuildPhase section */
		ACAE71821A32E64C004F7463 /* Sources */ = {
			isa = PBXSourcesBuildPhase;
			buildActionMask = 2147483647;
			files = (
				ACAE71921A32E64C004F7463 /* ViewController.m in Sources */,
				ACAE718F1A32E64C004F7463 /* AppDelegate.m in Sources */,
				ACAE718C1A32E64C004F7463 /* main.m in Sources */,
			);
			runOnlyForDeploymentPostprocessing = 0;
		};
		ACAE719B1A32E64D004F7463 /* Sources */ = {
			isa = PBXSourcesBuildPhase;
			buildActionMask = 2147483647;
			files = (
				ACAE71A61A32E64D004F7463 /* Multiply2Tests.m in Sources */,
			);
			runOnlyForDeploymentPostprocessing = 0;
		};
/* End PBXSourcesBuildPhase section */

/* Begin PBXTargetDependency section */
		ACAE71A11A32E64D004F7463 /* PBXTargetDependency */ = {
			isa = PBXTargetDependency;
			target = ACAE71851A32E64C004F7463 /* Multiply2 */;
			targetProxy = ACAE71A01A32E64D004F7463 /* PBXContainerItemProxy */;
		};
/* End PBXTargetDependency section */

/* Begin PBXVariantGroup section */
		ACAE71931A32E64C004F7463 /* Main.storyboard */ = {
			isa = PBXVariantGroup;
			children = (
				ACAE71941A32E64C004F7463 /* Base */,
			);
			name = Main.storyboard;
			sourceTree = "<group>";
		};
		ACAE71981A32E64C004F7463 /* LaunchScreen.xib */ = {
			isa = PBXVariantGroup;
			children = (
				ACAE71991A32E64C004F7463 /* Base */,
			);
			name = LaunchScreen.xib;
			sourceTree = "<group>";
		};
/* End PBXVariantGroup section */

/* Begin XCBuildConfiguration section */
		ACAE71A71A32E64D004F7463 /* Debug */ = {
			isa = XCBuildConfiguration;
			buildSettings = {
				ALWAYS_SEARCH_USER_PATHS = NO;
				CLANG_CXX_LANGUAGE_STANDARD = "gnu++0x";
				CLANG_CXX_LIBRARY = "libc++";
				CLANG_ENABLE_MODULES = YES;
				CLANG_ENABLE_OBJC_ARC = YES;
				CLANG_WARN_BOOL_CONVERSION = YES;
				CLANG_WARN_CONSTANT_CONVERSION = YES;
				CLANG_WARN_DIRECT_OBJC_ISA_USAGE = YES_ERROR;
				CLANG_WARN_EMPTY_BODY = YES;
				CLANG_WARN_ENUM_CONVERSION = YES;
				CLANG_WARN_INT_CONVERSION = YES;
				CLANG_WARN_OBJC_ROOT_CLASS = YES_ERROR;
				CLANG_WARN_UNREACHABLE_CODE = YES;
				CLANG_WARN__DUPLICATE_METHOD_MATCH = YES;
				"CODE_SIGN_IDENTITY[sdk=iphoneos*]" = "iPhone Developer";
				COPY_PHASE_STRIP = NO;
				ENABLE_STRICT_OBJC_MSGSEND = YES;
				GCC_C_LANGUAGE_STANDARD = gnu99;
				GCC_DYNAMIC_NO_PIC = NO;
				GCC_OPTIMIZATION_LEVEL = 0;
				GCC_PREPROCESSOR_DEFINITIONS = (
					"DEBUG=1",
					"$(inherited)",
				);
				GCC_SYMBOLS_PRIVATE_EXTERN = NO;
				GCC_WARN_64_TO_32_BIT_CONVERSION = YES;
				GCC_WARN_ABOUT_RETURN_TYPE = YES_ERROR;
				GCC_WARN_UNDECLARED_SELECTOR = YES;
				GCC_WARN_UNINITIALIZED_AUTOS = YES_AGGRESSIVE;
				GCC_WARN_UNUSED_FUNCTION = YES;
				GCC_WARN_UNUSED_VARIABLE = YES;
				IPHONEOS_DEPLOYMENT_TARGET = 8.1;
				MTL_ENABLE_DEBUG_INFO = YES;
				ONLY_ACTIVE_ARCH = YES;
				SDKROOT = iphoneos;
				TARGETED_DEVICE_FAMILY = "1,2";
			};
			name = Debug;
		};
		ACAE71A81A32E64D004F7463 /* Release */ = {
			isa = XCBuildConfiguration;
			buildSettings = {
				ALWAYS_SEARCH_USER_PATHS = NO;
				CLANG_CXX_LANGUAGE_STANDARD = "gnu++0x";
				CLANG_CXX_LIBRARY = "libc++";
				CLANG_ENABLE_MODULES = YES;
				CLANG_ENABLE_OBJC_ARC = YES;
				CLANG_WARN_BOOL_CONVERSION = YES;
				CLANG_WARN_CONSTANT_CONVERSION = YES;
				CLANG_WARN_DIRECT_OBJC_ISA_USAGE = YES_ERROR;
				CLANG_WARN_EMPTY_BODY = YES;
				CLANG_WARN_ENUM_CONVERSION = YES;
				CLANG_WARN_INT_CONVERSION = YES;
				CLANG_WARN_OBJC_ROOT_CLASS = YES_ERROR;
				CLANG_WARN_UNREACHABLE_CODE = YES;
				CLANG_WARN__DUPLICATE_METHOD_MATCH = YES;
				"CODE_SIGN_IDENTITY[sdk=iphoneos*]" = "iPhone Developer";
				COPY_PHASE_STRIP = YES;
				ENABLE_NS_ASSERTIONS = NO;
				ENABLE_STRICT_OBJC_MSGSEND = YES;
				GCC_C_LANGUAGE_STANDARD = gnu99;
				GCC_WARN_64_TO_32_BIT_CONVERSION = YES;
				GCC_WARN_ABOUT_RETURN_TYPE = YES_ERROR;
				GCC_WARN_UNDECLARED_SELECTOR = YES;
				GCC_WARN_UNINITIALIZED_AUTOS = YES_AGGRESSIVE;
				GCC_WARN_UNUSED_FUNCTION = YES;
				GCC_WARN_UNUSED_VARIABLE = YES;
				IPHONEOS_DEPLOYMENT_TARGET = 8.1;
				MTL_ENABLE_DEBUG_INFO = NO;
				SDKROOT = iphoneos;
				TARGETED_DEVICE_FAMILY = "1,2";
				VALIDATE_PRODUCT = YES;
			};
			name = Release;
		};
		ACAE71AA1A32E64D004F7463 /* Debug */ = {
			isa = XCBuildConfiguration;
			buildSettings = {
				ASSETCATALOG_COMPILER_APPICON_NAME = AppIcon;
				INFOPLIST_FILE = Multiply2/Info.plist;
				LD_RUNPATH_SEARCH_PATHS = "$(inherited) @executable_path/Frameworks";
				PRODUCT_NAME = "$(TARGET_NAME)";
			};
			name = Debug;
		};
		ACAE71AB1A32E64D004F7463 /* Release */ = {
			isa = XCBuildConfiguration;
			buildSettings = {
				ASSETCATALOG_COMPILER_APPICON_NAME = AppIcon;
				INFOPLIST_FILE = Multiply2/Info.plist;
				LD_RUNPATH_SEARCH_PATHS = "$(inherited) @executable_path/Frameworks";
				PRODUCT_NAME = "$(TARGET_NAME)";
			};
			name = Release;
		};
		ACAE71AD1A32E64D004F7463 /* Debug */ = {
			isa = XCBuildConfiguration;
			buildSettings = {
				BUNDLE_LOADER = "$(TEST_HOST)";
				FRAMEWORK_SEARCH_PATHS = (
					"$(SDKROOT)/Developer/Library/Frameworks",
					"$(inherited)",
				);
				GCC_PREPROCESSOR_DEFINITIONS = (
					"DEBUG=1",
					"$(inherited)",
				);
				INFOPLIST_FILE = Multiply2Tests/Info.plist;
				LD_RUNPATH_SEARCH_PATHS = "$(inherited) @executable_path/Frameworks @loader_path/Frameworks";
				PRODUCT_NAME = "$(TARGET_NAME)";
				TEST_HOST = "$(BUILT_PRODUCTS_DIR)/Multiply2.app/Multiply2";
			};
			name = Debug;
		};
		ACAE71AE1A32E64D004F7463 /* Release */ = {
			isa = XCBuildConfiguration;
			buildSettings = {
				BUNDLE_LOADER = "$(TEST_HOST)";
				FRAMEWORK_SEARCH_PATHS = (
					"$(SDKROOT)/Developer/Library/Frameworks",
					"$(inherited)",
				);
				INFOPLIST_FILE = Multiply2Tests/Info.plist;
				LD_RUNPATH_SEARCH_PATHS = "$(inherited) @executable_path/Frameworks @loader_path/Frameworks";
				PRODUCT_NAME = "$(TARGET_NAME)";
				TEST_HOST = "$(BUILT_PRODUCTS_DIR)/Multiply2.app/Multiply2";
			};
			name = Release;
		};
/* End XCBuildConfiguration section */

/* Begin XCConfigurationList section */
		ACAE71811A32E64C004F7463 /* Build configuration list for PBXProject "Multiply2" */ = {
			isa = XCConfigurationList;
			buildConfigurations = (
				ACAE71A71A32E64D004F7463 /* Debug */,
				ACAE71A81A32E64D004F7463 /* Release */,
			);
			defaultConfigurationIsVisible = 0;
			defaultConfigurationName = Release;
		};
		ACAE71A91A32E64D004F7463 /* Build configuration list for PBXNativeTarget "Multiply2" */ = {
			isa = XCConfigurationList;
			buildConfigurations = (
				ACAE71AA1A32E64D004F7463 /* Debug */,
				ACAE71AB1A32E64D004F7463 /* Release */,
			);
			defaultConfigurationIsVisible = 0;
		};
		ACAE71AC1A32E64D004F7463 /* Build configuration list for PBXNativeTarget "Multiply2Tests" */ = {
			isa = XCConfigurationList;
			buildConfigurations = (
				ACAE71AD1A32E64D004F7463 /* Debug */,
				ACAE71AE1A32E64D004F7463 /* Release */,
			);
			defaultConfigurationIsVisible = 0;
		};
/* End XCConfigurationList section */
	};
	rootObject = ACAE717E1A32E64C004F7463 /* Project object */;
}
